
Microsoft Visual Studio Solution File, Format Version 12.00
# Visual Studio Version 16
VisualStudioVersion = 16.0.30804.86
MinimumVisualStudioVersion = 10.0.40219.1
Project("{2150E333-8FDC-42A3-9474-1A3956D46DE8}") = "src", "src", "{FCD0D97E-301B-489A-BF7D-940C835044EC}"
EndProject
Project("{2150E333-8FDC-42A3-9474-1A3956D46DE8}") = "tests", "tests", "{AA4CB29A-7148-4D85-BA62-C9B987340669}"
EndProject
Project("{2150E333-8FDC-42A3-9474-1A3956D46DE8}") = "Bootstrapper", "Bootstrapper", "{B71D52AE-5DF0-484D-8824-2A1FE91F75AA}"
EndProject
Project("{2150E333-8FDC-42A3-9474-1A3956D46DE8}") = "Modules", "Modules", "{EC25B331-52F0-42C8-968C-F291AD15904A}"
EndProject
Project("{2150E333-8FDC-42A3-9474-1A3956D46DE8}") = "Shared", "Shared", "{A6A785D6-8A22-4A07-B7EA-72387C08E13C}"
EndProject
Project("{9A19103F-16F7-4668-BE54-9A1E7A4F7556}") = "Confab.WebApi", "src\Bootstrapper\Confab.WebApi\Confab.WebApi.csproj", "{F50FECB9-7390-40E4-BE15-9698CE4C80C1}"
EndProject
Project("{9A19103F-16F7-4668-BE54-9A1E7A4F7556}") = "Confab.Shared.Abstractions", "src\Shared\Confab.Shared.Abstractions\Confab.Shared.Abstractions.csproj", "{E1B97478-EC4A-44D7-9774-E7177170B93C}"
EndProject
Project("{9A19103F-16F7-4668-BE54-9A1E7A4F7556}") = "Confab.Shared.Infrastructure", "src\Shared\Confab.Shared.Infrastructure\Confab.Shared.Infrastructure.csproj", "{C44EA427-BB8D-44A7-8287-095156B9F627}"
EndProject
Project("{2150E333-8FDC-42A3-9474-1A3956D46DE8}") = "Conferences", "Conferences", "{EB55E5A7-02CF-46DA-9316-B5B8895120B2}"
EndProject
Project("{9A19103F-16F7-4668-BE54-9A1E7A4F7556}") = "Confab.Modules.Conferences.Api", "src\Modules\Conferences\Confab.Modules.Conferences.Api\Confab.Modules.Conferences.Api.csproj", "{0A9BF166-CEDD-4D55-B8C4-249860D2B4B3}"
EndProject
Project("{9A19103F-16F7-4668-BE54-9A1E7A4F7556}") = "Confab.Modules.Conferences.Core", "src\Modules\Conferences\Confab.Modules.Conferences.Core\Confab.Modules.Conferences.Core.csproj", "{A1FA9AB3-871C-4902-BD29-615D0FADF685}"
EndProject
Project("{2150E333-8FDC-42A3-9474-1A3956D46DE8}") = "Speakers", "Speakers", "{05F50316-AEA4-4202-A4E2-E18C29071CB9}"
EndProject
Project("{9A19103F-16F7-4668-BE54-9A1E7A4F7556}") = "Confab.Modules.Speakers.Core", "src\Modules\Speakers\Confab.Modules.Speakers.Core\Confab.Modules.Speakers.Core.csproj", "{2F3ABA43-93FB-45DC-8D26-ED72E6B2FF80}"
EndProject
Project("{9A19103F-16F7-4668-BE54-9A1E7A4F7556}") = "Confab.Modules.Speakers.Api", "src\Modules\Speakers\Confab.Modules.Speakers.Api\Confab.Modules.Speakers.Api.csproj", "{B89257CE-4763-484F-ABC8-8EC4816F7C61}"
EndProject
Project("{2150E333-8FDC-42A3-9474-1A3956D46DE8}") = "Identity", "Identity", "{A96F709C-0DA4-4DFA-9B52-AD6722E5DB2B}"
EndProject
Project("{9A19103F-16F7-4668-BE54-9A1E7A4F7556}") = "Confab.Modules.Identity.Api", "src\Modules\Identity\Confab.Modules.Identity.Api\Confab.Modules.Identity.Api.csproj", "{794D6B3B-0375-4A9E-A12D-3EC59D515EEE}"
EndProject
Project("{9A19103F-16F7-4668-BE54-9A1E7A4F7556}") = "Confab.Modules.Identity.Core", "src\Modules\Identity\Confab.Modules.Identity.Core\Confab.Modules.Identity.Core.csproj", "{13E735CE-EB1D-40D2-BD13-F731D9CD0D11}"
EndProject
Project("{2150E333-8FDC-42A3-9474-1A3956D46DE8}") = "Tickets", "Tickets", "{C17CAF0D-E143-4C4C-8462-EA0957FCD596}"
EndProject
Project("{FAE04EC0-301F-11D3-BF4B-00C04F79EFBC}") = "Confab.Modules.Tickets.Api", "src\Modules\Tickets\Confab.Modules.Tickets.Api\Confab.Modules.Tickets.Api.csproj", "{34A721BE-5507-4D1C-BD50-053F7BAD9665}"
EndProject
Project("{FAE04EC0-301F-11D3-BF4B-00C04F79EFBC}") = "Confab.Modules.Tickets.Core", "src\Modules\Tickets\Confab.Modules.Tickets.Core\Confab.Modules.Tickets.Core.csproj", "{2C077199-2C94-4F00-917C-D2E6AD92B4D2}"
EndProject
Global
	GlobalSection(SolutionConfigurationPlatforms) = preSolution
		Debug|Any CPU = Debug|Any CPU
		Release|Any CPU = Release|Any CPU
	EndGlobalSection
	GlobalSection(ProjectConfigurationPlatforms) = postSolution
		{F50FECB9-7390-40E4-BE15-9698CE4C80C1}.Debug|Any CPU.ActiveCfg = Debug|Any CPU
		{F50FECB9-7390-40E4-BE15-9698CE4C80C1}.Debug|Any CPU.Build.0 = Debug|Any CPU
		{F50FECB9-7390-40E4-BE15-9698CE4C80C1}.Release|Any CPU.ActiveCfg = Release|Any CPU
		{F50FECB9-7390-40E4-BE15-9698CE4C80C1}.Release|Any CPU.Build.0 = Release|Any CPU
		{E1B97478-EC4A-44D7-9774-E7177170B93C}.Debug|Any CPU.ActiveCfg = Debug|Any CPU
		{E1B97478-EC4A-44D7-9774-E7177170B93C}.Debug|Any CPU.Build.0 = Debug|Any CPU
		{E1B97478-EC4A-44D7-9774-E7177170B93C}.Release|Any CPU.ActiveCfg = Release|Any CPU
		{E1B97478-EC4A-44D7-9774-E7177170B93C}.Release|Any CPU.Build.0 = Release|Any CPU
		{C44EA427-BB8D-44A7-8287-095156B9F627}.Debug|Any CPU.ActiveCfg = Debug|Any CPU
		{C44EA427-BB8D-44A7-8287-095156B9F627}.Debug|Any CPU.Build.0 = Debug|Any CPU
		{C44EA427-BB8D-44A7-8287-095156B9F627}.Release|Any CPU.ActiveCfg = Release|Any CPU
		{C44EA427-BB8D-44A7-8287-095156B9F627}.Release|Any CPU.Build.0 = Release|Any CPU
		{0A9BF166-CEDD-4D55-B8C4-249860D2B4B3}.Debug|Any CPU.ActiveCfg = Debug|Any CPU
		{0A9BF166-CEDD-4D55-B8C4-249860D2B4B3}.Debug|Any CPU.Build.0 = Debug|Any CPU
		{0A9BF166-CEDD-4D55-B8C4-249860D2B4B3}.Release|Any CPU.ActiveCfg = Release|Any CPU
		{0A9BF166-CEDD-4D55-B8C4-249860D2B4B3}.Release|Any CPU.Build.0 = Release|Any CPU
		{A1FA9AB3-871C-4902-BD29-615D0FADF685}.Debug|Any CPU.ActiveCfg = Debug|Any CPU
		{A1FA9AB3-871C-4902-BD29-615D0FADF685}.Debug|Any CPU.Build.0 = Debug|Any CPU
		{A1FA9AB3-871C-4902-BD29-615D0FADF685}.Release|Any CPU.ActiveCfg = Release|Any CPU
		{A1FA9AB3-871C-4902-BD29-615D0FADF685}.Release|Any CPU.Build.0 = Release|Any CPU
		{2F3ABA43-93FB-45DC-8D26-ED72E6B2FF80}.Debug|Any CPU.ActiveCfg = Debug|Any CPU
		{2F3ABA43-93FB-45DC-8D26-ED72E6B2FF80}.Debug|Any CPU.Build.0 = Debug|Any CPU
		{2F3ABA43-93FB-45DC-8D26-ED72E6B2FF80}.Release|Any CPU.ActiveCfg = Release|Any CPU
		{2F3ABA43-93FB-45DC-8D26-ED72E6B2FF80}.Release|Any CPU.Build.0 = Release|Any CPU
		{B89257CE-4763-484F-ABC8-8EC4816F7C61}.Debug|Any CPU.ActiveCfg = Debug|Any CPU
		{B89257CE-4763-484F-ABC8-8EC4816F7C61}.Debug|Any CPU.Build.0 = Debug|Any CPU
		{B89257CE-4763-484F-ABC8-8EC4816F7C61}.Release|Any CPU.ActiveCfg = Release|Any CPU
		{B89257CE-4763-484F-ABC8-8EC4816F7C61}.Release|Any CPU.Build.0 = Release|Any CPU
		{794D6B3B-0375-4A9E-A12D-3EC59D515EEE}.Debug|Any CPU.ActiveCfg = Debug|Any CPU
		{794D6B3B-0375-4A9E-A12D-3EC59D515EEE}.Debug|Any CPU.Build.0 = Debug|Any CPU
		{794D6B3B-0375-4A9E-A12D-3EC59D515EEE}.Release|Any CPU.ActiveCfg = Release|Any CPU
		{794D6B3B-0375-4A9E-A12D-3EC59D515EEE}.Release|Any CPU.Build.0 = Release|Any CPU
		{13E735CE-EB1D-40D2-BD13-F731D9CD0D11}.Debug|Any CPU.ActiveCfg = Debug|Any CPU
		{13E735CE-EB1D-40D2-BD13-F731D9CD0D11}.Debug|Any CPU.Build.0 = Debug|Any CPU
		{13E735CE-EB1D-40D2-BD13-F731D9CD0D11}.Release|Any CPU.ActiveCfg = Release|Any CPU
		{13E735CE-EB1D-40D2-BD13-F731D9CD0D11}.Release|Any CPU.Build.0 = Release|Any CPU
		{34A721BE-5507-4D1C-BD50-053F7BAD9665}.Debug|Any CPU.ActiveCfg = Debug|Any CPU
		{34A721BE-5507-4D1C-BD50-053F7BAD9665}.Debug|Any CPU.Build.0 = Debug|Any CPU
		{34A721BE-5507-4D1C-BD50-053F7BAD9665}.Release|Any CPU.ActiveCfg = Release|Any CPU
		{34A721BE-5507-4D1C-BD50-053F7BAD9665}.Release|Any CPU.Build.0 = Release|Any CPU
		{2C077199-2C94-4F00-917C-D2E6AD92B4D2}.Debug|Any CPU.ActiveCfg = Debug|Any CPU
		{2C077199-2C94-4F00-917C-D2E6AD92B4D2}.Debug|Any CPU.Build.0 = Debug|Any CPU
		{2C077199-2C94-4F00-917C-D2E6AD92B4D2}.Release|Any CPU.ActiveCfg = Release|Any CPU
		{2C077199-2C94-4F00-917C-D2E6AD92B4D2}.Release|Any CPU.Build.0 = Release|Any CPU
	EndGlobalSection
	GlobalSection(SolutionProperties) = preSolution
		HideSolutionNode = FALSE
	EndGlobalSection
	GlobalSection(NestedProjects) = preSolution
		{B71D52AE-5DF0-484D-8824-2A1FE91F75AA} = {FCD0D97E-301B-489A-BF7D-940C835044EC}
		{EC25B331-52F0-42C8-968C-F291AD15904A} = {FCD0D97E-301B-489A-BF7D-940C835044EC}
		{A6A785D6-8A22-4A07-B7EA-72387C08E13C} = {FCD0D97E-301B-489A-BF7D-940C835044EC}
		{F50FECB9-7390-40E4-BE15-9698CE4C80C1} = {B71D52AE-5DF0-484D-8824-2A1FE91F75AA}
		{E1B97478-EC4A-44D7-9774-E7177170B93C} = {A6A785D6-8A22-4A07-B7EA-72387C08E13C}
		{C44EA427-BB8D-44A7-8287-095156B9F627} = {A6A785D6-8A22-4A07-B7EA-72387C08E13C}
		{EB55E5A7-02CF-46DA-9316-B5B8895120B2} = {EC25B331-52F0-42C8-968C-F291AD15904A}
		{0A9BF166-CEDD-4D55-B8C4-249860D2B4B3} = {EB55E5A7-02CF-46DA-9316-B5B8895120B2}
		{A1FA9AB3-871C-4902-BD29-615D0FADF685} = {EB55E5A7-02CF-46DA-9316-B5B8895120B2}
		{05F50316-AEA4-4202-A4E2-E18C29071CB9} = {EC25B331-52F0-42C8-968C-F291AD15904A}
		{2F3ABA43-93FB-45DC-8D26-ED72E6B2FF80} = {05F50316-AEA4-4202-A4E2-E18C29071CB9}
		{B89257CE-4763-484F-ABC8-8EC4816F7C61} = {05F50316-AEA4-4202-A4E2-E18C29071CB9}
		{A96F709C-0DA4-4DFA-9B52-AD6722E5DB2B} = {EC25B331-52F0-42C8-968C-F291AD15904A}
		{794D6B3B-0375-4A9E-A12D-3EC59D515EEE} = {A96F709C-0DA4-4DFA-9B52-AD6722E5DB2B}
		{13E735CE-EB1D-40D2-BD13-F731D9CD0D11} = {A96F709C-0DA4-4DFA-9B52-AD6722E5DB2B}
		{C17CAF0D-E143-4C4C-8462-EA0957FCD596} = {EC25B331-52F0-42C8-968C-F291AD15904A}
		{34A721BE-5507-4D1C-BD50-053F7BAD9665} = {C17CAF0D-E143-4C4C-8462-EA0957FCD596}
		{2C077199-2C94-4F00-917C-D2E6AD92B4D2} = {C17CAF0D-E143-4C4C-8462-EA0957FCD596}
	EndGlobalSection
	GlobalSection(ExtensibilityGlobals) = postSolution
		SolutionGuid = {5B7648B8-EAAB-4D06-999C-029742732A89}
	EndGlobalSection
EndGlobal
